// !$*UTF8*$!
{
	archiveVersion = 1;
	classes = {
	};
	objectVersion = 48;
	objects = {

/* Begin PBXBuildFile section */
		AFB4FF69205F4513004FCEFE /* AppDelegate.m in Sources */ = {isa = PBXBuildFile; fileRef = AFB4FF68205F4513004FCEFE /* AppDelegate.m */; };
		AFB4FF6C205F4513004FCEFE /* ViewController.m in Sources */ = {isa = PBXBuildFile; fileRef = AFB4FF6B205F4513004FCEFE /* ViewController.m */; };
		AFB4FF6F205F4513004FCEFE /* Main.storyboard in Resources */ = {isa = PBXBuildFile; fileRef = AFB4FF6D205F4513004FCEFE /* Main.storyboard */; };
		AFB4FF71205F4513004FCEFE /* Assets.xcassets in Resources */ = {isa = PBXBuildFile; fileRef = AFB4FF70205F4513004FCEFE /* Assets.xcassets */; };
		AFB4FF74205F4513004FCEFE /* LaunchScreen.storyboard in Resources */ = {isa = PBXBuildFile; fileRef = AFB4FF72205F4513004FCEFE /* LaunchScreen.storyboard */; };
		AFB4FF77205F4513004FCEFE /* main.m in Sources */ = {isa = PBXBuildFile; fileRef = AFB4FF76205F4513004FCEFE /* main.m */; };
		AFB4FF7F205F4862004FCEFE /* BViewController.m in Sources */ = {isa = PBXBuildFile; fileRef = AFB4FF7E205F4862004FCEFE /* BViewController.m */; };
		AFB4FF82205F6687004FCEFE /* CustomViewController.m in Sources */ = {isa = PBXBuildFile; fileRef = AFB4FF81205F6687004FCEFE /* CustomViewController.m */; };
		AFB4FF84205F862C004FCEFE /* fengjing.jpg in Resources */ = {isa = PBXBuildFile; fileRef = AFB4FF83205F862C004FCEFE /* fengjing.jpg */; };
		AFB4FF88205FA242004FCEFE /* TPTransitionController.m in Sources */ = {isa = PBXBuildFile; fileRef = AFB4FF87205FA242004FCEFE /* TPTransitionController.m */; };
		AFB4FF8B205FA26D004FCEFE /* TPTransitionDelegate.m in Sources */ = {isa = PBXBuildFile; fileRef = AFB4FF8A205FA26D004FCEFE /* TPTransitionDelegate.m */; };
		AFB4FF8E205FA309004FCEFE /* TPTransitionAnimation.m in Sources */ = {isa = PBXBuildFile; fileRef = AFB4FF8D205FA309004FCEFE /* TPTransitionAnimation.m */; };
/* End PBXBuildFile section */

/* Begin PBXFileReference section */
		AFB4FF64205F4513004FCEFE /* TPTransitionAnimations.app */ = {isa = PBXFileReference; explicitFileType = wrapper.application; includeInIndex = 0; path = TPTransitionAnimations.app; sourceTree = BUILT_PRODUCTS_DIR; };
		AFB4FF67205F4513004FCEFE /* AppDelegate.h */ = {isa = PBXFileReference; lastKnownFileType = sourcecode.c.h; path = AppDelegate.h; sourceTree = "<group>"; };
		AFB4FF68205F4513004FCEFE /* AppDelegate.m */ = {isa = PBXFileReference; lastKnownFileType = sourcecode.c.objc; path = AppDelegate.m; sourceTree = "<group>"; };
		AFB4FF6A205F4513004FCEFE /* ViewController.h */ = {isa = PBXFileReference; lastKnownFileType = sourcecode.c.h; path = ViewController.h; sourceTree = "<group>"; };
		AFB4FF6B205F4513004FCEFE /* ViewController.m */ = {isa = PBXFileReference; lastKnownFileType = sourcecode.c.objc; path = ViewController.m; sourceTree = "<group>"; };
		AFB4FF6E205F4513004FCEFE /* Base */ = {isa = PBXFileReference; lastKnownFileType = file.storyboard; name = Base; path = Base.lproj/Main.storyboard; sourceTree = "<group>"; };
		AFB4FF70205F4513004FCEFE /* Assets.xcassets */ = {isa = PBXFileReference; lastKnownFileType = folder.assetcatalog; path = Assets.xcassets; sourceTree = "<group>"; };
		AFB4FF73205F4513004FCEFE /* Base */ = {isa = PBXFileReference; lastKnownFileType = file.storyboard; name = Base; path = Base.lproj/LaunchScreen.storyboard; sourceTree = "<group>"; };
		AFB4FF75205F4513004FCEFE /* Info.plist */ = {isa = PBXFileReference; lastKnownFileType = text.plist.xml; path = Info.plist; sourceTree = "<group>"; };
		AFB4FF76205F4513004FCEFE /* main.m */ = {isa = PBXFileReference; lastKnownFileType = sourcecode.c.objc; path = main.m; sourceTree = "<group>"; };
		AFB4FF7D205F4862004FCEFE /* BViewController.h */ = {isa = PBXFileReference; lastKnownFileType = sourcecode.c.h; path = BViewController.h; sourceTree = "<group>"; };
		AFB4FF7E205F4862004FCEFE /* BViewController.m */ = {isa = PBXFileReference; lastKnownFileType = sourcecode.c.objc; path = BViewController.m; sourceTree = "<group>"; };
		AFB4FF80205F6687004FCEFE /* CustomViewController.h */ = {isa = PBXFileReference; lastKnownFileType = sourcecode.c.h; path = CustomViewController.h; sourceTree = "<group>"; };
		AFB4FF81205F6687004FCEFE /* CustomViewController.m */ = {isa = PBXFileReference; lastKnownFileType = sourcecode.c.objc; path = CustomViewController.m; sourceTree = "<group>"; wrapsLines = 0; };
		AFB4FF83205F862C004FCEFE /* fengjing.jpg */ = {isa = PBXFileReference; lastKnownFileType = image.jpeg; path = fengjing.jpg; sourceTree = "<group>"; };
		AFB4FF86205FA242004FCEFE /* TPTransitionController.h */ = {isa = PBXFileReference; lastKnownFileType = sourcecode.c.h; path = TPTransitionController.h; sourceTree = "<group>"; };
		AFB4FF87205FA242004FCEFE /* TPTransitionController.m */ = {isa = PBXFileReference; lastKnownFileType = sourcecode.c.objc; path = TPTransitionController.m; sourceTree = "<group>"; };
		AFB4FF89205FA26D004FCEFE /* TPTransitionDelegate.h */ = {isa = PBXFileReference; lastKnownFileType = sourcecode.c.h; path = TPTransitionDelegate.h; sourceTree = "<group>"; };
		AFB4FF8A205FA26D004FCEFE /* TPTransitionDelegate.m */ = {isa = PBXFileReference; lastKnownFileType = sourcecode.c.objc; path = TPTransitionDelegate.m; sourceTree = "<group>"; };
		AFB4FF8C205FA309004FCEFE /* TPTransitionAnimation.h */ = {isa = PBXFileReference; lastKnownFileType = sourcecode.c.h; path = TPTransitionAnimation.h; sourceTree = "<group>"; };
		AFB4FF8D205FA309004FCEFE /* TPTransitionAnimation.m */ = {isa = PBXFileReference; lastKnownFileType = sourcecode.c.objc; path = TPTransitionAnimation.m; sourceTree = "<group>"; };
/* End PBXFileReference section */

/* Begin PBXFrameworksBuildPhase section */
		AFB4FF61205F4513004FCEFE /* Frameworks */ = {
			isa = PBXFrameworksBuildPhase;
			buildActionMask = 2147483647;
			files = (
			);
			runOnlyForDeploymentPostprocessing = 0;
		};
/* End PBXFrameworksBuildPhase section */

/* Begin PBXGroup section */
		AFB4FF5B205F4513004FCEFE = {
			isa = PBXGroup;
			children = (
				AFB4FF66205F4513004FCEFE /* TPTransitionAnimations */,
				AFB4FF65205F4513004FCEFE /* Products */,
			);
			sourceTree = "<group>";
		};
		AFB4FF65205F4513004FCEFE /* Products */ = {
			isa = PBXGroup;
			children = (
				AFB4FF64205F4513004FCEFE /* TPTransitionAnimations.app */,
			);
			name = Products;
			sourceTree = "<group>";
		};
		AFB4FF66205F4513004FCEFE /* TPTransitionAnimations */ = {
			isa = PBXGroup;
			children = (
				AFB4FF85205FA22F004FCEFE /* TPTransitions */,
				AFB4FF67205F4513004FCEFE /* AppDelegate.h */,
				AFB4FF68205F4513004FCEFE /* AppDelegate.m */,
				AFB4FF6A205F4513004FCEFE /* ViewController.h */,
				AFB4FF6B205F4513004FCEFE /* ViewController.m */,
				AFB4FF80205F6687004FCEFE /* CustomViewController.h */,
				AFB4FF81205F6687004FCEFE /* CustomViewController.m */,
				AFB4FF83205F862C004FCEFE /* fengjing.jpg */,
				AFB4FF7D205F4862004FCEFE /* BViewController.h */,
				AFB4FF7E205F4862004FCEFE /* BViewController.m */,
				AFB4FF6D205F4513004FCEFE /* Main.storyboard */,
				AFB4FF70205F4513004FCEFE /* Assets.xcassets */,
				AFB4FF72205F4513004FCEFE /* LaunchScreen.storyboard */,
				AFB4FF75205F4513004FCEFE /* Info.plist */,
				AFB4FF76205F4513004FCEFE /* main.m */,
			);
			path = TPTransitionAnimations;
			sourceTree = "<group>";
		};
		AFB4FF85205FA22F004FCEFE /* TPTransitions */ = {
			isa = PBXGroup;
			children = (
				AFB4FF86205FA242004FCEFE /* TPTransitionController.h */,
				AFB4FF87205FA242004FCEFE /* TPTransitionController.m */,
				AFB4FF89205FA26D004FCEFE /* TPTransitionDelegate.h */,
				AFB4FF8A205FA26D004FCEFE /* TPTransitionDelegate.m */,
				AFB4FF8C205FA309004FCEFE /* TPTransitionAnimation.h */,
				AFB4FF8D205FA309004FCEFE /* TPTransitionAnimation.m */,
			);
			path = TPTransitions;
			sourceTree = "<group>";
		};
/* End PBXGroup section */

/* Begin PBXNativeTarget section */
		AFB4FF63205F4513004FCEFE /* TPTransitionAnimations */ = {
			isa = PBXNativeTarget;
			buildConfigurationList = AFB4FF7A205F4513004FCEFE /* Build configuration list for PBXNativeTarget "TPTransitionAnimations" */;
			buildPhases = (
				AFB4FF60205F4513004FCEFE /* Sources */,
				AFB4FF61205F4513004FCEFE /* Frameworks */,
				AFB4FF62205F4513004FCEFE /* Resources */,
			);
			buildRules = (
			);
			dependencies = (
			);
			name = TPTransitionAnimations;
			productName = TPTransitionAnimations;
			productReference = AFB4FF64205F4513004FCEFE /* TPTransitionAnimations.app */;
			productType = "com.apple.product-type.application";
		};
/* End PBXNativeTarget section */

/* Begin PBXProject section */
		AFB4FF5C205F4513004FCEFE /* Project object */ = {
			isa = PBXProject;
			attributes = {
				LastUpgradeCheck = 0920;
				ORGANIZATIONNAME = ICX;
				TargetAttributes = {
					AFB4FF63205F4513004FCEFE = {
						CreatedOnToolsVersion = 9.2;
						ProvisioningStyle = Automatic;
					};
				};
			};
			buildConfigurationList = AFB4FF5F205F4513004FCEFE /* Build configuration list for PBXProject "TPTransitionAnimations" */;
			compatibilityVersion = "Xcode 8.0";
			developmentRegion = en;
			hasScannedForEncodings = 0;
			knownRegions = (
				en,
				Base,
			);
			mainGroup = AFB4FF5B205F4513004FCEFE;
			productRefGroup = AFB4FF65205F4513004FCEFE /* Products */;
			projectDirPath = "";
			projectRoot = "";
			targets = (
				AFB4FF63205F4513004FCEFE /* TPTransitionAnimations */,
			);
		};
/* End PBXProject section */

/* Begin PBXResourcesBuildPhase section */
		AFB4FF62205F4513004FCEFE /* Resources */ = {
			isa = PBXResourcesBuildPhase;
			buildActionMask = 2147483647;
			files = (
				AFB4FF74205F4513004FCEFE /* LaunchScreen.storyboard in Resources */,
				AFB4FF71205F4513004FCEFE /* Assets.xcassets in Resources */,
				AFB4FF6F205F4513004FCEFE /* Main.storyboard in Resources */,
				AFB4FF84205F862C004FCEFE /* fengjing.jpg in Resources */,
			);
			runOnlyForDeploymentPostprocessing = 0;
		};
/* End PBXResourcesBuildPhase section */

/* Begin PBXSourcesBuildPhase section */
		AFB4FF60205F4513004FCEFE /* Sources */ = {
			isa = PBXSourcesBuildPhase;
			buildActionMask = 2147483647;
			files = (
				AFB4FF6C205F4513004FCEFE /* ViewController.m in Sources */,
				AFB4FF8E205FA309004FCEFE /* TPTransitionAnimation.m in Sources */,
				AFB4FF82205F6687004FCEFE /* CustomViewController.m in Sources */,
				AFB4FF7F205F4862004FCEFE /* BViewController.m in Sources */,
				AFB4FF77205F4513004FCEFE /* main.m in Sources */,
				AFB4FF88205FA242004FCEFE /* TPTransitionController.m in Sources */,
				AFB4FF69205F4513004FCEFE /* AppDelegate.m in Sources */,
				AFB4FF8B205FA26D004FCEFE /* TPTransitionDelegate.m in Sources */,
			);
			runOnlyForDeploymentPostprocessing = 0;
		};
/* End PBXSourcesBuildPhase section */

/* Begin PBXVariantGroup section */
		AFB4FF6D205F4513004FCEFE /* Main.storyboard */ = {
			isa = PBXVariantGroup;
			children = (
				AFB4FF6E205F4513004FCEFE /* Base */,
			);
			name = Main.storyboard;
			sourceTree = "<group>";
		};
		AFB4FF72205F4513004FCEFE /* LaunchScreen.storyboard */ = {
			isa = PBXVariantGroup;
			children = (
				AFB4FF73205F4513004FCEFE /* Base */,
			);
			name = LaunchScreen.storyboard;
			sourceTree = "<group>";
		};
/* End PBXVariantGroup section */

/* Begin XCBuildConfiguration section */
		AFB4FF78205F4513004FCEFE /* Debug */ = {
			isa = XCBuildConfiguration;
			buildSettings = {
				ALWAYS_SEARCH_USER_PATHS = NO;
				CLANG_ANALYZER_NONNULL = YES;
				CLANG_ANALYZER_NUMBER_OBJECT_CONVERSION = YES_AGGRESSIVE;
				CLANG_CXX_LANGUAGE_STANDARD = "gnu++14";
				CLANG_CXX_LIBRARY = "libc++";
				CLANG_ENABLE_MODULES = YES;
				CLANG_ENABLE_OBJC_ARC = YES;
				CLANG_WARN_BLOCK_CAPTURE_AUTORELEASING = YES;
				CLANG_WARN_BOOL_CONVERSION = YES;
				CLANG_WARN_COMMA = YES;
				CLANG_WARN_CONSTANT_CONVERSION = YES;
				CLANG_WARN_DIRECT_OBJC_ISA_USAGE = YES_ERROR;
				CLANG_WARN_DOCUMENTATION_COMMENTS = YES;
				CLANG_WARN_EMPTY_BODY = YES;
				CLANG_WARN_ENUM_CONVERSION = YES;
				CLANG_WARN_INFINITE_RECURSION = YES;
				CLANG_WARN_INT_CONVERSION = YES;
				CLANG_WARN_NON_LITERAL_NULL_CONVERSION = YES;
				CLANG_WARN_OBJC_LITERAL_CONVERSION = YES;
				CLANG_WARN_OBJC_ROOT_CLASS = YES_ERROR;
				CLANG_WARN_RANGE_LOOP_ANALYSIS = YES;
				CLANG_WARN_STRICT_PROTOTYPES = YES;
				CLANG_WARN_SUSPICIOUS_MOVE = YES;
				CLANG_WARN_UNGUARDED_AVAILABILITY = YES_AGGRESSIVE;
				CLANG_WARN_UNREACHABLE_CODE = YES;
				CLANG_WARN__DUPLICATE_METHOD_MATCH = YES;
				CODE_SIGN_IDENTITY = "iPhone Developer";
				COPY_PHASE_STRIP = NO;
				DEBUG_INFORMATION_FORMAT = dwarf;
				ENABLE_STRICT_OBJC_MSGSEND = YES;
				ENABLE_TESTABILITY = YES;
				GCC_C_LANGUAGE_STANDARD = gnu11;
				GCC_DYNAMIC_NO_PIC = NO;
				GCC_NO_COMMON_BLOCKS = YES;
				GCC_OPTIMIZATION_LEVEL = 0;
				GCC_PREPROCESSOR_DEFINITIONS = (
					"DEBUG=1",
					"$(inherited)",
				);
				GCC_WARN_64_TO_32_BIT_CONVERSION = YES;
				GCC_WARN_ABOUT_RETURN_TYPE = YES_ERROR;
				GCC_WARN_UNDECLARED_SELECTOR = YES;
				GCC_WARN_UNINITIALIZED_AUTOS = YES_AGGRESSIVE;
				GCC_WARN_UNUSED_FUNCTION = YES;
				GCC_WARN_UNUSED_VARIABLE = YES;
				IPHONEOS_DEPLOYMENT_TARGET = 11.2;
				MTL_ENABLE_DEBUG_INFO = YES;
				ONLY_ACTIVE_ARCH = YES;
				SDKROOT = iphoneos;
			};
			name = Debug;
		};
		AFB4FF79205F4513004FCEFE /* Release */ = {
			isa = XCBuildConfiguration;
			buildSettings = {
				ALWAYS_SEARCH_USER_PATHS = NO;
				CLANG_ANALYZER_NONNULL = YES;
				CLANG_ANALYZER_NUMBER_OBJECT_CONVERSION = YES_AGGRESSIVE;
				CLANG_CXX_LANGUAGE_STANDARD = "gnu++14";
				CLANG_CXX_LIBRARY = "libc++";
				CLANG_ENABLE_MODULES = YES;
				CLANG_ENABLE_OBJC_ARC = YES;
				CLANG_WARN_BLOCK_CAPTURE_AUTORELEASING = YES;
				CLANG_WARN_BOOL_CONVERSION = YES;
				CLANG_WARN_COMMA = YES;
				CLANG_WARN_CONSTANT_CONVERSION = YES;
				CLANG_WARN_DIRECT_OBJC_ISA_USAGE = YES_ERROR;
				CLANG_WARN_DOCUMENTATION_COMMENTS = YES;
				CLANG_WARN_EMPTY_BODY = YES;
				CLANG_WARN_ENUM_CONVERSION = YES;
				CLANG_WARN_INFINITE_RECURSION = YES;
				CLANG_WARN_INT_CONVERSION = YES;
				CLANG_WARN_NON_LITERAL_NULL_CONVERSION = YES;
				CLANG_WARN_OBJC_LITERAL_CONVERSION = YES;
				CLANG_WARN_OBJC_ROOT_CLASS = YES_ERROR;
				CLANG_WARN_RANGE_LOOP_ANALYSIS = YES;
				CLANG_WARN_STRICT_PROTOTYPES = YES;
				CLANG_WARN_SUSPICIOUS_MOVE = YES;
				CLANG_WARN_UNGUARDED_AVAILABILITY = YES_AGGRESSIVE;
				CLANG_WARN_UNREACHABLE_CODE = YES;
				CLANG_WARN__DUPLICATE_METHOD_MATCH = YES;
				CODE_SIGN_IDENTITY = "iPhone Developer";
				COPY_PHASE_STRIP = NO;
				DEBUG_INFORMATION_FORMAT = "dwarf-with-dsym";
				ENABLE_NS_ASSERTIONS = NO;
				ENABLE_STRICT_OBJC_MSGSEND = YES;
				GCC_C_LANGUAGE_STANDARD = gnu11;
				GCC_NO_COMMON_BLOCKS = YES;
				GCC_WARN_64_TO_32_BIT_CONVERSION = YES;
				GCC_WARN_ABOUT_RETURN_TYPE = YES_ERROR;
				GCC_WARN_UNDECLARED_SELECTOR = YES;
				GCC_WARN_UNINITIALIZED_AUTOS = YES_AGGRESSIVE;
				GCC_WARN_UNUSED_FUNCTION = YES;
				GCC_WARN_UNUSED_VARIABLE = YES;
				IPHONEOS_DEPLOYMENT_TARGET = 11.2;
				MTL_ENABLE_DEBUG_INFO = NO;
				SDKROOT = iphoneos;
				VALIDATE_PRODUCT = YES;
			};
			name = Release;
		};
		AFB4FF7B205F4513004FCEFE /* Debug */ = {
			isa = XCBuildConfiguration;
			buildSettings = {
				ASSETCATALOG_COMPILER_APPICON_NAME = AppIcon;
				CODE_SIGN_STYLE = Automatic;
				DEVELOPMENT_TEAM = RNL7SY23B3;
				INFOPLIST_FILE = TPTransitionAnimations/Info.plist;
				IPHONEOS_DEPLOYMENT_TARGET = 8.0;
				LD_RUNPATH_SEARCH_PATHS = "$(inherited) @executable_path/Frameworks";
				PRODUCT_BUNDLE_IDENTIFIER = com.meum.Test.TPTransitionAnimations;
				PRODUCT_NAME = "$(TARGET_NAME)";
				TARGETED_DEVICE_FAMILY = "1,2";
			};
			name = Debug;
		};
		AFB4FF7C205F4513004FCEFE /* Release */ = {
			isa = XCBuildConfiguration;
			buildSettings = {
				ASSETCATALOG_COMPILER_APPICON_NAME = AppIcon;
				CODE_SIGN_STYLE = Automatic;
				DEVELOPMENT_TEAM = RNL7SY23B3;
				INFOPLIST_FILE = TPTransitionAnimations/Info.plist;
				IPHONEOS_DEPLOYMENT_TARGET = 8.0;
				LD_RUNPATH_SEARCH_PATHS = "$(inherited) @executable_path/Frameworks";
				PRODUCT_BUNDLE_IDENTIFIER = com.meum.Test.TPTransitionAnimations;
				PRODUCT_NAME = "$(TARGET_NAME)";
				TARGETED_DEVICE_FAMILY = "1,2";
			};
			name = Release;
		};
/* End XCBuildConfiguration section */

/* Begin XCConfigurationList section */
		AFB4FF5F205F4513004FCEFE /* Build configuration list for PBXProject "TPTransitionAnimations" */ = {
			isa = XCConfigurationList;
			buildConfigurations = (
				AFB4FF78205F4513004FCEFE /* Debug */,
				AFB4FF79205F4513004FCEFE /* Release */,
			);
			defaultConfigurationIsVisible = 0;
			defaultConfigurationName = Release;
		};
		AFB4FF7A205F4513004FCEFE /* Build configuration list for PBXNativeTarget "TPTransitionAnimations" */ = {
			isa = XCConfigurationList;
			buildConfigurations = (
				AFB4FF7B205F4513004FCEFE /* Debug */,
				AFB4FF7C205F4513004FCEFE /* Release */,
			);
			defaultConfigurationIsVisible = 0;
			defaultConfigurationName = Release;
		};
/* End XCConfigurationList section */
	};
	rootObject = AFB4FF5C205F4513004FCEFE /* Project object */;
}
